
Microsoft Visual Studio Solution File, Format Version 12.00
# Visual Studio Version 16
VisualStudioVersion = 16.0.31605.320
MinimumVisualStudioVersion = 10.0.40219.1
Project("{FAE04EC0-301F-11D3-BF4B-00C04F79EFBC}") = "CsMemento", "CsMemento\CsMemento.csproj", "{74ED6EDD-2F86-42E6-868E-C0C429BE598C}"
EndProject
Project("{2150E333-8FDC-42A3-9474-1A3956D46DE8}") = "Solution Items", "Solution Items", "{1A23E9CE-AD0A-4BFC-96C8-67727FDF1CEC}"
	ProjectSection(SolutionItems) = preProject
		README.md = README.md
	EndProjectSection
EndProject
Project("{FAE04EC0-301F-11D3-BF4B-00C04F79EFBC}") = "CsMementoTests", "CsMementoTests\CsMementoTests.csproj", "{0305B58C-99F2-4193-AF62-4F77D071080B}"
EndProject
Global
	GlobalSection(SolutionConfigurationPlatforms) = preSolution
		Debug|Any CPU = Debug|Any CPU
		Release|Any CPU = Release|Any CPU
	EndGlobalSection
	GlobalSection(ProjectConfigurationPlatforms) = postSolution
		{74ED6EDD-2F86-42E6-868E-C0C429BE598C}.Debug|Any CPU.ActiveCfg = Debug|Any CPU
		{74ED6EDD-2F86-42E6-868E-C0C429BE598C}.Debug|Any CPU.Build.0 = Debug|Any CPU
		{74ED6EDD-2F86-42E6-868E-C0C429BE598C}.Release|Any CPU.ActiveCfg = Release|Any CPU
		{74ED6EDD-2F86-42E6-868E-C0C429BE598C}.Release|Any CPU.Build.0 = Release|Any CPU
		{0305B58C-99F2-4193-AF62-4F77D071080B}.Debug|Any CPU.ActiveCfg = Debug|Any CPU
		{0305B58C-99F2-4193-AF62-4F77D071080B}.Debug|Any CPU.Build.0 = Debug|Any CPU
		{0305B58C-99F2-4193-AF62-4F77D071080B}.Release|Any CPU.ActiveCfg = Release|Any CPU
		{0305B58C-99F2-4193-AF62-4F77D071080B}.Release|Any CPU.Build.0 = Release|Any CPU
	EndGlobalSection
	GlobalSection(SolutionProperties) = preSolution
		HideSolutionNode = FALSE
	EndGlobalSection
	GlobalSection(ExtensibilityGlobals) = postSolution
		SolutionGuid = {FE68FFB5-96EB-46CF-99ED-002F706F6BC0}
	EndGlobalSection
EndGlobal
